
Microsoft Visual Studio Solution File, Format Version 12.00
# Visual Studio Version 17
VisualStudioVersion = 17.0.32014.148
MinimumVisualStudioVersion = 10.0.40219.1
Project("{9A19103F-16F7-4668-BE54-9A1E7A4F7556}") = "Restaurant", "Restaurant.csproj", "{5D9C9B51-878A-4ADF-B7C1-A6AF5CAF8F8C}"
EndProject
Project("{9A19103F-16F7-4668-BE54-9A1E7A4F7556}") = "Models", "..\Models\Models.csproj", "{9CC07E68-0FE7-4048-BE76-71F940A7F62B}"
EndProject
Project("{2150E333-8FDC-42A3-9474-1A3956D46DE8}") = "Solution Items", "Solution Items", "{7E0796C5-AFAA-4CA7-9E07-5BB3FC2A0F6D}"
EndProject
Global
	GlobalSection(SolutionConfigurationPlatforms) = preSolution
		Debug|Any CPU = Debug|Any CPU
		Release|Any CPU = Release|Any CPU
	EndGlobalSection
	GlobalSection(ProjectConfigurationPlatforms) = postSolution
		{5D9C9B51-878A-4ADF-B7C1-A6AF5CAF8F8C}.Debug|Any CPU.ActiveCfg = Debug|Any CPU
		{5D9C9B51-878A-4ADF-B7C1-A6AF5CAF8F8C}.Debug|Any CPU.Build.0 = Debug|Any CPU
		{5D9C9B51-878A-4ADF-B7C1-A6AF5CAF8F8C}.Release|Any CPU.ActiveCfg = Release|Any CPU
		{5D9C9B51-878A-4ADF-B7C1-A6AF5CAF8F8C}.Release|Any CPU.Build.0 = Release|Any CPU
		{9CC07E68-0FE7-4048-BE76-71F940A7F62B}.Debug|Any CPU.ActiveCfg = Debug|Any CPU
		{9CC07E68-0FE7-4048-BE76-71F940A7F62B}.Debug|Any CPU.Build.0 = Debug|Any CPU
		{9CC07E68-0FE7-4048-BE76-71F940A7F62B}.Release|Any CPU.ActiveCfg = Release|Any CPU
		{9CC07E68-0FE7-4048-BE76-71F940A7F62B}.Release|Any CPU.Build.0 = Release|Any CPU
	EndGlobalSection
	GlobalSection(SolutionProperties) = preSolution
		HideSolutionNode = FALSE
	EndGlobalSection
	GlobalSection(ExtensibilityGlobals) = postSolution
		SolutionGuid = {A67C90F2-3D21-4441-AB7B-C1EC92389E0C}
	EndGlobalSection
EndGlobal
